
Microsoft Visual Studio Solution File, Format Version 12.00
# Visual Studio Version 16
VisualStudioVersion = 16.0.30011.22
MinimumVisualStudioVersion = 10.0.40219.1
Project("{FAE04EC0-301F-11D3-BF4B-00C04F79EFBC}") = "helloWorld", "helloWorld\helloWorld.csproj", "{0D445EDC-D1ED-4827-8D8E-6107F6FF3514}"
EndProject
Global
	GlobalSection(SolutionConfigurationPlatforms) = preSolution
		Debug|Any CPU = Debug|Any CPU
		Release|Any CPU = Release|Any CPU
	EndGlobalSection
	GlobalSection(ProjectConfigurationPlatforms) = postSolution
		{0D445EDC-D1ED-4827-8D8E-6107F6FF3514}.Debug|Any CPU.ActiveCfg = Debug|Any CPU
		{0D445EDC-D1ED-4827-8D8E-6107F6FF3514}.Debug|Any CPU.Build.0 = Debug|Any CPU
		{0D445EDC-D1ED-4827-8D8E-6107F6FF3514}.Release|Any CPU.ActiveCfg = Release|Any CPU
		{0D445EDC-D1ED-4827-8D8E-6107F6FF3514}.Release|Any CPU.Build.0 = Release|Any CPU
	EndGlobalSection
	GlobalSection(SolutionProperties) = preSolution
		HideSolutionNode = FALSE
	EndGlobalSection
	GlobalSection(ExtensibilityGlobals) = postSolution
		SolutionGuid = {E82FE507-3E6B-41B8-ADD5-90C0521AA3E9}
	EndGlobalSection
EndGlobal
