
Microsoft Visual Studio Solution File, Format Version 12.00
# Visual Studio Version 16
VisualStudioVersion = 16.0.30011.22
MinimumVisualStudioVersion = 10.0.40219.1
Project("{FAE04EC0-301F-11D3-BF4B-00C04F79EFBC}") = "Project0", "Project0\Project0.csproj", "{83D546F7-607D-4DBA-AFF7-1AE3ACB1D099}"
EndProject
Global
	GlobalSection(SolutionConfigurationPlatforms) = preSolution
		Debug|Any CPU = Debug|Any CPU
		Release|Any CPU = Release|Any CPU
	EndGlobalSection
	GlobalSection(ProjectConfigurationPlatforms) = postSolution
		{83D546F7-607D-4DBA-AFF7-1AE3ACB1D099}.Debug|Any CPU.ActiveCfg = Debug|Any CPU
		{83D546F7-607D-4DBA-AFF7-1AE3ACB1D099}.Debug|Any CPU.Build.0 = Debug|Any CPU
		{83D546F7-607D-4DBA-AFF7-1AE3ACB1D099}.Release|Any CPU.ActiveCfg = Release|Any CPU
		{83D546F7-607D-4DBA-AFF7-1AE3ACB1D099}.Release|Any CPU.Build.0 = Release|Any CPU
	EndGlobalSection
	GlobalSection(SolutionProperties) = preSolution
		HideSolutionNode = FALSE
	EndGlobalSection
	GlobalSection(ExtensibilityGlobals) = postSolution
		SolutionGuid = {480B8447-2619-480A-8DBA-629B42CADEF4}
	EndGlobalSection
EndGlobal
